
Microsoft Visual Studio Solution File, Format Version 12.00
# Visual Studio 15
VisualStudioVersion = 15.0.27703.2026
MinimumVisualStudioVersion = 10.0.40219.1
Project("{FAE04EC0-301F-11D3-BF4B-00C04F79EFBC}") = "WebHelpersNugetKurulumu", "WebHelpersNugetKurulumu\WebHelpersNugetKurulumu.csproj", "{0D72C1F3-48C2-4BAB-A230-3A930CF2B804}"
EndProject
Global
	GlobalSection(SolutionConfigurationPlatforms) = preSolution
		Debug|Any CPU = Debug|Any CPU
		Release|Any CPU = Release|Any CPU
	EndGlobalSection
	GlobalSection(ProjectConfigurationPlatforms) = postSolution
		{0D72C1F3-48C2-4BAB-A230-3A930CF2B804}.Debug|Any CPU.ActiveCfg = Debug|Any CPU
		{0D72C1F3-48C2-4BAB-A230-3A930CF2B804}.Debug|Any CPU.Build.0 = Debug|Any CPU
		{0D72C1F3-48C2-4BAB-A230-3A930CF2B804}.Release|Any CPU.ActiveCfg = Release|Any CPU
		{0D72C1F3-48C2-4BAB-A230-3A930CF2B804}.Release|Any CPU.Build.0 = Release|Any CPU
	EndGlobalSection
	GlobalSection(SolutionProperties) = preSolution
		HideSolutionNode = FALSE
	EndGlobalSection
	GlobalSection(ExtensibilityGlobals) = postSolution
		SolutionGuid = {D0D79E5A-46B4-47B4-A796-BE2D449F1EEB}
	EndGlobalSection
EndGlobal
